
Microsoft Visual Studio Solution File, Format Version 12.00
# Visual Studio Version 17
VisualStudioVersion = 17.2.32519.379
MinimumVisualStudioVersion = 10.0.40219.1
Project("{FAE04EC0-301F-11D3-BF4B-00C04F79EFBC}") = "AmongUs hacks", "AmongUs hacks.csproj", "{CA39F105-D481-4B0A-88F5-A2C906377EA4}"
EndProject
Global
	GlobalSection(SolutionConfigurationPlatforms) = preSolution
		Debug|Any CPU = Debug|Any CPU
		Release|Any CPU = Release|Any CPU
	EndGlobalSection
	GlobalSection(ProjectConfigurationPlatforms) = postSolution
		{CA39F105-D481-4B0A-88F5-A2C906377EA4}.Debug|Any CPU.ActiveCfg = Debug|Any CPU
		{CA39F105-D481-4B0A-88F5-A2C906377EA4}.Debug|Any CPU.Build.0 = Debug|Any CPU
		{CA39F105-D481-4B0A-88F5-A2C906377EA4}.Release|Any CPU.ActiveCfg = Release|Any CPU
		{CA39F105-D481-4B0A-88F5-A2C906377EA4}.Release|Any CPU.Build.0 = Release|Any CPU
	EndGlobalSection
	GlobalSection(SolutionProperties) = preSolution
		HideSolutionNode = FALSE
	EndGlobalSection
	GlobalSection(ExtensibilityGlobals) = postSolution
		SolutionGuid = {22AB87C8-E998-4BDD-A68F-1C3724464494}
	EndGlobalSection
EndGlobal
